
Microsoft Visual Studio Solution File, Format Version 12.00
# Visual Studio Version 16
VisualStudioVersion = 16.0.29519.87
MinimumVisualStudioVersion = 10.0.40219.1
Project("{9A19103F-16F7-4668-BE54-9A1E7A4F7556}") = "LilyWhite.UI", "LilyWhite.UI\LilyWhite.UI.csproj", "{BA54D162-0E1B-4B3B-9B4C-646C527B05D0}"
EndProject
Project("{9A19103F-16F7-4668-BE54-9A1E7A4F7556}") = "LilyWhite.Lib", "LilyWhite.Lib\LilyWhite.Lib.csproj", "{AFDDE38A-88DB-4CEF-8AE7-D634D224F468}"
EndProject
Project("{2150E333-8FDC-42A3-9474-1A3956D46DE8}") = "Solution Items", "Solution Items", "{4FB92AC8-F8F5-45CA-8326-936A31E01B63}"
	ProjectSection(SolutionItems) = preProject
		.editorconfig = .editorconfig
	EndProjectSection
EndProject
Project("{FAE04EC0-301F-11D3-BF4B-00C04F79EFBC}") = "Tester", "Tester\Tester.csproj", "{27EA3005-D59C-4F2B-83D4-5E99FBE8192C}"
EndProject
Global
	GlobalSection(SolutionConfigurationPlatforms) = preSolution
		Debug|Any CPU = Debug|Any CPU
		Release|Any CPU = Release|Any CPU
	EndGlobalSection
	GlobalSection(ProjectConfigurationPlatforms) = postSolution
		{BA54D162-0E1B-4B3B-9B4C-646C527B05D0}.Debug|Any CPU.ActiveCfg = Debug|Any CPU
		{BA54D162-0E1B-4B3B-9B4C-646C527B05D0}.Debug|Any CPU.Build.0 = Debug|Any CPU
		{BA54D162-0E1B-4B3B-9B4C-646C527B05D0}.Release|Any CPU.ActiveCfg = Release|Any CPU
		{BA54D162-0E1B-4B3B-9B4C-646C527B05D0}.Release|Any CPU.Build.0 = Release|Any CPU
		{AFDDE38A-88DB-4CEF-8AE7-D634D224F468}.Debug|Any CPU.ActiveCfg = Debug|Any CPU
		{AFDDE38A-88DB-4CEF-8AE7-D634D224F468}.Debug|Any CPU.Build.0 = Debug|Any CPU
		{AFDDE38A-88DB-4CEF-8AE7-D634D224F468}.Release|Any CPU.ActiveCfg = Release|Any CPU
		{AFDDE38A-88DB-4CEF-8AE7-D634D224F468}.Release|Any CPU.Build.0 = Release|Any CPU
		{27EA3005-D59C-4F2B-83D4-5E99FBE8192C}.Debug|Any CPU.ActiveCfg = Debug|Any CPU
		{27EA3005-D59C-4F2B-83D4-5E99FBE8192C}.Debug|Any CPU.Build.0 = Debug|Any CPU
		{27EA3005-D59C-4F2B-83D4-5E99FBE8192C}.Release|Any CPU.ActiveCfg = Release|Any CPU
		{27EA3005-D59C-4F2B-83D4-5E99FBE8192C}.Release|Any CPU.Build.0 = Release|Any CPU
	EndGlobalSection
	GlobalSection(SolutionProperties) = preSolution
		HideSolutionNode = FALSE
	EndGlobalSection
	GlobalSection(ExtensibilityGlobals) = postSolution
		SolutionGuid = {65BD33AC-31A1-427F-BE99-049EA78CA99A}
	EndGlobalSection
EndGlobal
